
Microsoft Visual Studio Solution File, Format Version 12.00
# Visual Studio Version 17
VisualStudioVersion = 17.10.35013.160
MinimumVisualStudioVersion = 10.0.40219.1
Project("{9A19103F-16F7-4668-BE54-9A1E7A4F7556}") = "THNDotNetCore.ConsoleApp", "THNDotNetCore.ConsoleApp\THNDotNetCore.ConsoleApp.csproj", "{2F511DD2-9BFC-4669-92CA-3F540CAB1260}"
EndProject
Project("{2150E333-8FDC-42A3-9474-1A3956D46DE8}") = "Documents", "Documents", "{3FB85BDB-8A1D-4E6A-BFEA-D88930F1721D}"
	ProjectSection(SolutionItems) = preProject
		README.md = README.md
	EndProjectSection
EndProject
Project("{9A19103F-16F7-4668-BE54-9A1E7A4F7556}") = "THNDotNetCore.RestApi", "THNDotNetCore.RestApi\THNDotNetCore.RestApi.csproj", "{830D9FA6-6EF8-448E-BEA9-77D2CE9D5FC1}"
EndProject
Project("{9A19103F-16F7-4668-BE54-9A1E7A4F7556}") = "THNDotNetCore.Database", "THNDotNetCore.Database\THNDotNetCore.Database.csproj", "{07DEB0E4-9711-42BB-A5D0-4D762477E1E4}"
EndProject
Project("{9A19103F-16F7-4668-BE54-9A1E7A4F7556}") = "THNDotNetCore.ConsoleApp2", "THNDotNetCore.ConsoleApp2\THNDotNetCore.ConsoleApp2.csproj", "{DDED2932-F2B1-4821-A16E-AEC4B7231D9C}"
EndProject
Project("{9A19103F-16F7-4668-BE54-9A1E7A4F7556}") = "THNDotNetCore.Shared", "THNDotNetCore.Shared\THNDotNetCore.Shared.csproj", "{F63F07C3-D08F-415F-A404-5C07E4E6CBAF}"
EndProject
Project("{9A19103F-16F7-4668-BE54-9A1E7A4F7556}") = "THNDotNetCore.MinimalApi", "THNDotNetCore.MinimalApi\THNDotNetCore.MinimalApi.csproj", "{82055F16-7E4E-477E-B9BA-0B68E2446434}"
EndProject
Project("{9A19103F-16F7-4668-BE54-9A1E7A4F7556}") = "THNDotNetCore.BirdMinimalApi", "THNDotNetCore.BirdMinimalApi\THNDotNetCore.BirdMinimalApi.csproj", "{7EA0229B-F1F4-46BB-95C9-FB36AE8C6EAB}"
EndProject
Project("{9A19103F-16F7-4668-BE54-9A1E7A4F7556}") = "THNDotNetCore.BurmeseAgricultureApi", "THNDotNetCore.BurmeseAgriculture\THNDotNetCore.BurmeseAgricultureApi.csproj", "{31A6A8D0-1A0B-44C9-AE76-C71E6BB01EB8}"
EndProject
Project("{9A19103F-16F7-4668-BE54-9A1E7A4F7556}") = "THNDotNetCore.Domain", "THNDotNetCore.Domain\THNDotNetCore.Domain.csproj", "{4D47E0BA-5AA9-4EAE-A776-4CFAE851E111}"
EndProject
Project("{9A19103F-16F7-4668-BE54-9A1E7A4F7556}") = "THNDotNetCore.MiniKpay.Api", "THNDotNetCore.MiniKpay\THNDotNetCore.MiniKpay.Api.csproj", "{0039E526-053E-4D11-8B60-5D458E06FC98}"
EndProject
Project("{9A19103F-16F7-4668-BE54-9A1E7A4F7556}") = "THNDotNetCore.MiniKpay.Database", "THNDotNetCore.MiniKpay.Database\THNDotNetCore.MiniKpay.Database.csproj", "{4B8DB4FB-A6D1-420F-91F5-A171BF630ADF}"
EndProject
Project("{9A19103F-16F7-4668-BE54-9A1E7A4F7556}") = "THNDotNetCore.MiniKpay.Domain", "THNDotNetCore.MiniKpay.Domain\THNDotNetCore.MiniKpay.Domain.csproj", "{073BB0BF-7ABC-4972-8A28-9865C9795EC6}"
EndProject
Project("{9A19103F-16F7-4668-BE54-9A1E7A4F7556}") = "THNDotNetCore.HttpClientConsoleApp", "THNDotNetCore.HttpClientConsoleApp\THNDotNetCore.HttpClientConsoleApp.csproj", "{CFE2A06F-C860-4C0D-84E5-FD60ABD68FED}"
EndProject
Project("{9A19103F-16F7-4668-BE54-9A1E7A4F7556}") = "THNDotNetCore.MvcApp", "THNDotNetCore.MvcApp\THNDotNetCore.MvcApp.csproj", "{95C2B511-7B20-4307-9314-3D390E07E687}"
EndProject
Project("{9A19103F-16F7-4668-BE54-9A1E7A4F7556}") = "THNDotNetCore.ChartWebApp", "THNDotNetCore.ChartWebApp\THNDotNetCore.ChartWebApp.csproj", "{01FE774F-0FD4-4C98-A8D8-1084BA0A2C8F}"
EndProject
Project("{9A19103F-16F7-4668-BE54-9A1E7A4F7556}") = "ConsoleApp1.LoggingConsoleApp", "ConsoleApp1.LoggingConsoleApp\ConsoleApp1.LoggingConsoleApp.csproj", "{2CD2B995-A706-4A45-85A0-05C06944FD2A}"
EndProject
Project("{9A19103F-16F7-4668-BE54-9A1E7A4F7556}") = "THNDotNetCore.LoggingWebApp", "THNDotNetCore.LoggingWebApp\THNDotNetCore.LoggingWebApp.csproj", "{F4C982AF-AC9E-4F87-88D2-B79B9C4AC04E}"
EndProject
Project("{9A19103F-16F7-4668-BE54-9A1E7A4F7556}") = "THNDotNetCore.EncDecConsoleApp", "THNDotNetCore.EncDecConsoleApp\THNDotNetCore.EncDecConsoleApp.csproj", "{E07785EC-3E8C-4214-9C67-0BE489B74150}"
EndProject
Project("{FAE04EC0-301F-11D3-BF4B-00C04F79EFBC}") = "THNDotNetCore.EncDecWebApi", "THNDotNetCore.EncDecWebApi\THNDotNetCore.EncDecWebApi.csproj", "{2EDF7189-FA43-4658-93BB-A43AAD957512}"
EndProject
Global
	GlobalSection(SolutionConfigurationPlatforms) = preSolution
		Debug|Any CPU = Debug|Any CPU
		Release|Any CPU = Release|Any CPU
	EndGlobalSection
	GlobalSection(ProjectConfigurationPlatforms) = postSolution
		{2F511DD2-9BFC-4669-92CA-3F540CAB1260}.Debug|Any CPU.ActiveCfg = Debug|Any CPU
		{2F511DD2-9BFC-4669-92CA-3F540CAB1260}.Debug|Any CPU.Build.0 = Debug|Any CPU
		{2F511DD2-9BFC-4669-92CA-3F540CAB1260}.Release|Any CPU.ActiveCfg = Release|Any CPU
		{2F511DD2-9BFC-4669-92CA-3F540CAB1260}.Release|Any CPU.Build.0 = Release|Any CPU
		{830D9FA6-6EF8-448E-BEA9-77D2CE9D5FC1}.Debug|Any CPU.ActiveCfg = Debug|Any CPU
		{830D9FA6-6EF8-448E-BEA9-77D2CE9D5FC1}.Debug|Any CPU.Build.0 = Debug|Any CPU
		{830D9FA6-6EF8-448E-BEA9-77D2CE9D5FC1}.Release|Any CPU.ActiveCfg = Release|Any CPU
		{830D9FA6-6EF8-448E-BEA9-77D2CE9D5FC1}.Release|Any CPU.Build.0 = Release|Any CPU
		{07DEB0E4-9711-42BB-A5D0-4D762477E1E4}.Debug|Any CPU.ActiveCfg = Debug|Any CPU
		{07DEB0E4-9711-42BB-A5D0-4D762477E1E4}.Debug|Any CPU.Build.0 = Debug|Any CPU
		{07DEB0E4-9711-42BB-A5D0-4D762477E1E4}.Release|Any CPU.ActiveCfg = Release|Any CPU
		{07DEB0E4-9711-42BB-A5D0-4D762477E1E4}.Release|Any CPU.Build.0 = Release|Any CPU
		{DDED2932-F2B1-4821-A16E-AEC4B7231D9C}.Debug|Any CPU.ActiveCfg = Debug|Any CPU
		{DDED2932-F2B1-4821-A16E-AEC4B7231D9C}.Debug|Any CPU.Build.0 = Debug|Any CPU
		{DDED2932-F2B1-4821-A16E-AEC4B7231D9C}.Release|Any CPU.ActiveCfg = Release|Any CPU
		{DDED2932-F2B1-4821-A16E-AEC4B7231D9C}.Release|Any CPU.Build.0 = Release|Any CPU
		{F63F07C3-D08F-415F-A404-5C07E4E6CBAF}.Debug|Any CPU.ActiveCfg = Debug|Any CPU
		{F63F07C3-D08F-415F-A404-5C07E4E6CBAF}.Debug|Any CPU.Build.0 = Debug|Any CPU
		{F63F07C3-D08F-415F-A404-5C07E4E6CBAF}.Release|Any CPU.ActiveCfg = Release|Any CPU
		{F63F07C3-D08F-415F-A404-5C07E4E6CBAF}.Release|Any CPU.Build.0 = Release|Any CPU
		{82055F16-7E4E-477E-B9BA-0B68E2446434}.Debug|Any CPU.ActiveCfg = Debug|Any CPU
		{82055F16-7E4E-477E-B9BA-0B68E2446434}.Debug|Any CPU.Build.0 = Debug|Any CPU
		{82055F16-7E4E-477E-B9BA-0B68E2446434}.Release|Any CPU.ActiveCfg = Release|Any CPU
		{82055F16-7E4E-477E-B9BA-0B68E2446434}.Release|Any CPU.Build.0 = Release|Any CPU
		{7EA0229B-F1F4-46BB-95C9-FB36AE8C6EAB}.Debug|Any CPU.ActiveCfg = Debug|Any CPU
		{7EA0229B-F1F4-46BB-95C9-FB36AE8C6EAB}.Debug|Any CPU.Build.0 = Debug|Any CPU
		{7EA0229B-F1F4-46BB-95C9-FB36AE8C6EAB}.Release|Any CPU.ActiveCfg = Release|Any CPU
		{7EA0229B-F1F4-46BB-95C9-FB36AE8C6EAB}.Release|Any CPU.Build.0 = Release|Any CPU
		{31A6A8D0-1A0B-44C9-AE76-C71E6BB01EB8}.Debug|Any CPU.ActiveCfg = Debug|Any CPU
		{31A6A8D0-1A0B-44C9-AE76-C71E6BB01EB8}.Debug|Any CPU.Build.0 = Debug|Any CPU
		{31A6A8D0-1A0B-44C9-AE76-C71E6BB01EB8}.Release|Any CPU.ActiveCfg = Release|Any CPU
		{31A6A8D0-1A0B-44C9-AE76-C71E6BB01EB8}.Release|Any CPU.Build.0 = Release|Any CPU
		{4D47E0BA-5AA9-4EAE-A776-4CFAE851E111}.Debug|Any CPU.ActiveCfg = Debug|Any CPU
		{4D47E0BA-5AA9-4EAE-A776-4CFAE851E111}.Debug|Any CPU.Build.0 = Debug|Any CPU
		{4D47E0BA-5AA9-4EAE-A776-4CFAE851E111}.Release|Any CPU.ActiveCfg = Release|Any CPU
		{4D47E0BA-5AA9-4EAE-A776-4CFAE851E111}.Release|Any CPU.Build.0 = Release|Any CPU
		{0039E526-053E-4D11-8B60-5D458E06FC98}.Debug|Any CPU.ActiveCfg = Debug|Any CPU
		{0039E526-053E-4D11-8B60-5D458E06FC98}.Debug|Any CPU.Build.0 = Debug|Any CPU
		{0039E526-053E-4D11-8B60-5D458E06FC98}.Release|Any CPU.ActiveCfg = Release|Any CPU
		{0039E526-053E-4D11-8B60-5D458E06FC98}.Release|Any CPU.Build.0 = Release|Any CPU
		{4B8DB4FB-A6D1-420F-91F5-A171BF630ADF}.Debug|Any CPU.ActiveCfg = Debug|Any CPU
		{4B8DB4FB-A6D1-420F-91F5-A171BF630ADF}.Debug|Any CPU.Build.0 = Debug|Any CPU
		{4B8DB4FB-A6D1-420F-91F5-A171BF630ADF}.Release|Any CPU.ActiveCfg = Release|Any CPU
		{4B8DB4FB-A6D1-420F-91F5-A171BF630ADF}.Release|Any CPU.Build.0 = Release|Any CPU
		{073BB0BF-7ABC-4972-8A28-9865C9795EC6}.Debug|Any CPU.ActiveCfg = Debug|Any CPU
		{073BB0BF-7ABC-4972-8A28-9865C9795EC6}.Debug|Any CPU.Build.0 = Debug|Any CPU
		{073BB0BF-7ABC-4972-8A28-9865C9795EC6}.Release|Any CPU.ActiveCfg = Release|Any CPU
		{073BB0BF-7ABC-4972-8A28-9865C9795EC6}.Release|Any CPU.Build.0 = Release|Any CPU
		{CFE2A06F-C860-4C0D-84E5-FD60ABD68FED}.Debug|Any CPU.ActiveCfg = Debug|Any CPU
		{CFE2A06F-C860-4C0D-84E5-FD60ABD68FED}.Debug|Any CPU.Build.0 = Debug|Any CPU
		{CFE2A06F-C860-4C0D-84E5-FD60ABD68FED}.Release|Any CPU.ActiveCfg = Release|Any CPU
		{CFE2A06F-C860-4C0D-84E5-FD60ABD68FED}.Release|Any CPU.Build.0 = Release|Any CPU
		{95C2B511-7B20-4307-9314-3D390E07E687}.Debug|Any CPU.ActiveCfg = Debug|Any CPU
		{95C2B511-7B20-4307-9314-3D390E07E687}.Debug|Any CPU.Build.0 = Debug|Any CPU
		{95C2B511-7B20-4307-9314-3D390E07E687}.Release|Any CPU.ActiveCfg = Release|Any CPU
		{95C2B511-7B20-4307-9314-3D390E07E687}.Release|Any CPU.Build.0 = Release|Any CPU
		{01FE774F-0FD4-4C98-A8D8-1084BA0A2C8F}.Debug|Any CPU.ActiveCfg = Debug|Any CPU
		{01FE774F-0FD4-4C98-A8D8-1084BA0A2C8F}.Debug|Any CPU.Build.0 = Debug|Any CPU
		{01FE774F-0FD4-4C98-A8D8-1084BA0A2C8F}.Release|Any CPU.ActiveCfg = Release|Any CPU
		{01FE774F-0FD4-4C98-A8D8-1084BA0A2C8F}.Release|Any CPU.Build.0 = Release|Any CPU
		{2CD2B995-A706-4A45-85A0-05C06944FD2A}.Debug|Any CPU.ActiveCfg = Debug|Any CPU
		{2CD2B995-A706-4A45-85A0-05C06944FD2A}.Debug|Any CPU.Build.0 = Debug|Any CPU
		{2CD2B995-A706-4A45-85A0-05C06944FD2A}.Release|Any CPU.ActiveCfg = Release|Any CPU
		{2CD2B995-A706-4A45-85A0-05C06944FD2A}.Release|Any CPU.Build.0 = Release|Any CPU
		{F4C982AF-AC9E-4F87-88D2-B79B9C4AC04E}.Debug|Any CPU.ActiveCfg = Debug|Any CPU
		{F4C982AF-AC9E-4F87-88D2-B79B9C4AC04E}.Debug|Any CPU.Build.0 = Debug|Any CPU
		{F4C982AF-AC9E-4F87-88D2-B79B9C4AC04E}.Release|Any CPU.ActiveCfg = Release|Any CPU
		{F4C982AF-AC9E-4F87-88D2-B79B9C4AC04E}.Release|Any CPU.Build.0 = Release|Any CPU
		{E07785EC-3E8C-4214-9C67-0BE489B74150}.Debug|Any CPU.ActiveCfg = Debug|Any CPU
		{E07785EC-3E8C-4214-9C67-0BE489B74150}.Debug|Any CPU.Build.0 = Debug|Any CPU
		{E07785EC-3E8C-4214-9C67-0BE489B74150}.Release|Any CPU.ActiveCfg = Release|Any CPU
		{E07785EC-3E8C-4214-9C67-0BE489B74150}.Release|Any CPU.Build.0 = Release|Any CPU
		{2EDF7189-FA43-4658-93BB-A43AAD957512}.Debug|Any CPU.ActiveCfg = Debug|Any CPU
		{2EDF7189-FA43-4658-93BB-A43AAD957512}.Debug|Any CPU.Build.0 = Debug|Any CPU
		{2EDF7189-FA43-4658-93BB-A43AAD957512}.Release|Any CPU.ActiveCfg = Release|Any CPU
		{2EDF7189-FA43-4658-93BB-A43AAD957512}.Release|Any CPU.Build.0 = Release|Any CPU
	EndGlobalSection
	GlobalSection(SolutionProperties) = preSolution
		HideSolutionNode = FALSE
	EndGlobalSection
	GlobalSection(ExtensibilityGlobals) = postSolution
		SolutionGuid = {D89BEF9B-83F7-4FEE-813F-CA72C58F47A3}
	EndGlobalSection
EndGlobal
